{
  "requires": true,
  "lockfileVersion": 1,
  "dependencies": {
    "webauthn-components": {
      "version": "0.2.8",
      "resolved": "https://registry.npmjs.org/webauthn-components/-/webauthn-components-0.2.8.tgz",
      "integrity": "sha512-DEnJihwGEGnFzZFnQ8veCD5mNTJpkIpXCy1jCZM42XEoldFsaYM6apoDmOEdcKJjOA9TF8YWk5ZPZycgiDEoUA=="
    }
  }
}
